{
  "version": 4,
  "terraform_version": "1.5.7",
  "serial": 18,
  "lineage": "d6ca6c09-70f7-a575-cc49-ae2642e3bf9c",
  "outputs": {},
  "resources": [
    {
      "mode": "managed",
      "type": "azurerm_linux_virtual_machine",
      "name": "jenkins_vm",
      "provider": "provider[\"registry.terraform.io/hashicorp/azurerm\"]",
      "instances": [
        {
          "schema_version": 0,
          "attributes": {
            "additional_capabilities": [],
            "admin_password": null,
            "admin_ssh_key": [
              {
                "public_key": "ssh-rsa AAAAB3NzaC1yc2EAAAADAQABAAACAQDLD1dfZ806pU0n8M/spHYmRFYTDl99PDhsKpcKPW5UiSfx7HctHWUEu8dxW+ZKd62UyoWZuVyAX0rKUM9a+TziClh73frzNZg8zZbPS4pDXEWAZ853mzPLHfr1RxI4DhEEWGaWi85pLlC+GfxBuLg42DuKPeNIkDfH/kS57vYi6hPEz3D9G4omrpBuqpmSnhW9MpOI2lqRiNa0zCbq6ifHdq7hWP4lI5wZkqUm8FN9Z633U8nY/awgmEQuumzQw14clGDpXrSYnwiaBdZMM/Sdg7ceFNC1a4AFPl24O3gKYbEJolL9wAVVjrb7XsHQoPzurFFnU0xRcEjYICW1QIa8fZLtXDW3dhiw0bwRmGJBQH8osdBKx/TPvfSl9dbVI0gV3TBNtIuIUlgi/OjVrzHwzQN5TFSuHS2ViO8snkIQvTzL31dkTIh1LcEAG8TBJVhNr/gkCfx3SUdPOI/Ptpfo5VIY/QqW3C/K3Ws7jtizQIARpdQZQTsRsUtPWkdZTOZ6J1lJJX/Ho1aF3pLgTuF7GIyetueTUy1vBnaGgG9GDgl8D393bINtxAvhZVeYyB9Ay1ZER8GWRFhK2iv7sujc8fUQzNGX3Y963BPcKSZxSFdkFZHD7XQW11sqvKFLHN6d07T3Yq5nbsApNu7Egc8y0XCGZpx7b/dV9JDt7r8+qQ== A200167708@T0017c3b34\n",
                "username": "adminuser"
              }
            ],
            "admin_username": "adminuser",
            "allow_extension_operations": true,
            "availability_set_id": "",
            "boot_diagnostics": [],
            "bypass_platform_safety_checks_on_user_schedule_enabled": false,
            "capacity_reservation_group_id": "",
            "computer_name": "jenkins-vm",
            "custom_data": null,
            "dedicated_host_group_id": "",
            "dedicated_host_id": "",
            "disable_password_authentication": true,
            "disk_controller_type": "SCSI",
            "edge_zone": "",
            "encryption_at_host_enabled": false,
            "eviction_policy": "",
            "extensions_time_budget": "PT1H30M",
            "gallery_application": [],
            "id": "/subscriptions/70a2191c-b62d-41fe-b860-f432314c38e7/resourceGroups/devops/providers/Microsoft.Compute/virtualMachines/jenkins-vm",
            "identity": [],
            "license_type": "",
            "location": "eastus",
            "max_bid_price": -1,
            "name": "jenkins-vm",
            "network_interface_ids": [
              "/subscriptions/70a2191c-b62d-41fe-b860-f432314c38e7/resourceGroups/devops/providers/Microsoft.Network/networkInterfaces/nic1"
            ],
            "os_disk": [
              {
                "caching": "ReadWrite",
                "diff_disk_settings": [],
                "disk_encryption_set_id": "",
                "disk_size_gb": 30,
                "name": "jenkins-vm_OsDisk_1_c536d46f67f14a3994568a0a8b4b50ca",
                "secure_vm_disk_encryption_set_id": "",
                "security_encryption_type": "",
                "storage_account_type": "Standard_LRS",
                "write_accelerator_enabled": false
              }
            ],
            "os_image_notification": [],
            "patch_assessment_mode": "ImageDefault",
            "patch_mode": "ImageDefault",
            "plan": [],
            "platform_fault_domain": -1,
            "priority": "Regular",
            "private_ip_address": "10.0.0.4",
            "private_ip_addresses": [
              "10.0.0.4"
            ],
            "provision_vm_agent": true,
            "proximity_placement_group_id": "",
            "public_ip_address": "20.169.203.87",
            "public_ip_addresses": [
              "20.169.203.87"
            ],
            "reboot_setting": "",
            "resource_group_name": "devops",
            "secret": [],
            "secure_boot_enabled": false,
            "size": "Standard_B1s",
            "source_image_id": "",
            "source_image_reference": [
              {
                "offer": "0001-com-ubuntu-server-focal",
                "publisher": "Canonical",
                "sku": "20_04-lts-gen2",
                "version": "latest"
              }
            ],
            "tags": null,
            "termination_notification": null,
            "timeouts": null,
            "user_data": "",
            "virtual_machine_id": "f67507bb-6bf1-44b8-9a8f-9b0ce3fc5166",
            "virtual_machine_scale_set_id": "",
            "vm_agent_platform_updates_enabled": false,
            "vtpm_enabled": false,
            "zone": ""
          },
          "sensitive_attributes": [],
          "private": "eyJlMmJmYjczMC1lY2FhLTExZTYtOGY4OC0zNDM2M2JjN2M0YzAiOnsiY3JlYXRlIjoyNzAwMDAwMDAwMDAwLCJkZWxldGUiOjI3MDAwMDAwMDAwMDAsInJlYWQiOjMwMDAwMDAwMDAwMCwidXBkYXRlIjoyNzAwMDAwMDAwMDAwfX0=",
          "dependencies": [
            "azurerm_network_interface.nic1"
          ]
        }
      ]
    },
    {
      "mode": "managed",
      "type": "azurerm_linux_virtual_machine",
      "name": "node_vm",
      "provider": "provider[\"registry.terraform.io/hashicorp/azurerm\"]",
      "instances": [
        {
          "schema_version": 0,
          "attributes": {
            "additional_capabilities": [],
            "admin_password": null,
            "admin_ssh_key": [
              {
                "public_key": "ssh-rsa AAAAB3NzaC1yc2EAAAADAQABAAACAQDLD1dfZ806pU0n8M/spHYmRFYTDl99PDhsKpcKPW5UiSfx7HctHWUEu8dxW+ZKd62UyoWZuVyAX0rKUM9a+TziClh73frzNZg8zZbPS4pDXEWAZ853mzPLHfr1RxI4DhEEWGaWi85pLlC+GfxBuLg42DuKPeNIkDfH/kS57vYi6hPEz3D9G4omrpBuqpmSnhW9MpOI2lqRiNa0zCbq6ifHdq7hWP4lI5wZkqUm8FN9Z633U8nY/awgmEQuumzQw14clGDpXrSYnwiaBdZMM/Sdg7ceFNC1a4AFPl24O3gKYbEJolL9wAVVjrb7XsHQoPzurFFnU0xRcEjYICW1QIa8fZLtXDW3dhiw0bwRmGJBQH8osdBKx/TPvfSl9dbVI0gV3TBNtIuIUlgi/OjVrzHwzQN5TFSuHS2ViO8snkIQvTzL31dkTIh1LcEAG8TBJVhNr/gkCfx3SUdPOI/Ptpfo5VIY/QqW3C/K3Ws7jtizQIARpdQZQTsRsUtPWkdZTOZ6J1lJJX/Ho1aF3pLgTuF7GIyetueTUy1vBnaGgG9GDgl8D393bINtxAvhZVeYyB9Ay1ZER8GWRFhK2iv7sujc8fUQzNGX3Y963BPcKSZxSFdkFZHD7XQW11sqvKFLHN6d07T3Yq5nbsApNu7Egc8y0XCGZpx7b/dV9JDt7r8+qQ== A200167708@T0017c3b34\n",
                "username": "adminuser"
              }
            ],
            "admin_username": "adminuser",
            "allow_extension_operations": true,
            "availability_set_id": "",
            "boot_diagnostics": [],
            "bypass_platform_safety_checks_on_user_schedule_enabled": false,
            "capacity_reservation_group_id": "",
            "computer_name": "node-vm",
            "custom_data": null,
            "dedicated_host_group_id": "",
            "dedicated_host_id": "",
            "disable_password_authentication": true,
            "disk_controller_type": "SCSI",
            "edge_zone": "",
            "encryption_at_host_enabled": false,
            "eviction_policy": "",
            "extensions_time_budget": "PT1H30M",
            "gallery_application": [],
            "id": "/subscriptions/70a2191c-b62d-41fe-b860-f432314c38e7/resourceGroups/devops/providers/Microsoft.Compute/virtualMachines/node-vm",
            "identity": [],
            "license_type": "",
            "location": "eastus",
            "max_bid_price": -1,
            "name": "node-vm",
            "network_interface_ids": [
              "/subscriptions/70a2191c-b62d-41fe-b860-f432314c38e7/resourceGroups/devops/providers/Microsoft.Network/networkInterfaces/nic2"
            ],
            "os_disk": [
              {
                "caching": "ReadWrite",
                "diff_disk_settings": [],
                "disk_encryption_set_id": "",
                "disk_size_gb": 30,
                "name": "node-vm_OsDisk_1_8d99507386c74e2f9b8e8eebab34de35",
                "secure_vm_disk_encryption_set_id": "",
                "security_encryption_type": "",
                "storage_account_type": "Standard_LRS",
                "write_accelerator_enabled": false
              }
            ],
            "os_image_notification": [],
            "patch_assessment_mode": "ImageDefault",
            "patch_mode": "ImageDefault",
            "plan": [],
            "platform_fault_domain": -1,
            "priority": "Regular",
            "private_ip_address": "10.0.0.5",
            "private_ip_addresses": [
              "10.0.0.5"
            ],
            "provision_vm_agent": true,
            "proximity_placement_group_id": "",
            "public_ip_address": "20.169.203.216",
            "public_ip_addresses": [
              "20.169.203.216"
            ],
            "reboot_setting": "",
            "resource_group_name": "devops",
            "secret": [],
            "secure_boot_enabled": false,
            "size": "Standard_B1s",
            "source_image_id": "",
            "source_image_reference": [
              {
                "offer": "0001-com-ubuntu-server-focal",
                "publisher": "Canonical",
                "sku": "20_04-lts-gen2",
                "version": "latest"
              }
            ],
            "tags": null,
            "termination_notification": null,
            "timeouts": null,
            "user_data": "",
            "virtual_machine_id": "9e96dc32-4914-4121-aed5-145ae6323c7d",
            "virtual_machine_scale_set_id": "",
            "vm_agent_platform_updates_enabled": false,
            "vtpm_enabled": false,
            "zone": ""
          },
          "sensitive_attributes": [],
          "private": "eyJlMmJmYjczMC1lY2FhLTExZTYtOGY4OC0zNDM2M2JjN2M0YzAiOnsiY3JlYXRlIjoyNzAwMDAwMDAwMDAwLCJkZWxldGUiOjI3MDAwMDAwMDAwMDAsInJlYWQiOjMwMDAwMDAwMDAwMCwidXBkYXRlIjoyNzAwMDAwMDAwMDAwfX0=",
          "dependencies": [
            "azurerm_network_interface.nic2"
          ]
        }
      ]
    },
    {
      "mode": "managed",
      "type": "azurerm_network_interface",
      "name": "nic1",
      "provider": "provider[\"registry.terraform.io/hashicorp/azurerm\"]",
      "instances": [
        {
          "schema_version": 0,
          "attributes": {
            "applied_dns_servers": [],
            "auxiliary_mode": "",
            "auxiliary_sku": "",
            "dns_servers": [],
            "edge_zone": "",
            "enable_accelerated_networking": false,
            "enable_ip_forwarding": false,
            "id": "/subscriptions/70a2191c-b62d-41fe-b860-f432314c38e7/resourceGroups/devops/providers/Microsoft.Network/networkInterfaces/nic1",
            "internal_dns_name_label": "",
            "internal_domain_name_suffix": "t5etftat14vudfgojyizsfojfd.bx.internal.cloudapp.net",
            "ip_configuration": [
              {
                "gateway_load_balancer_frontend_ip_configuration_id": "",
                "name": "my_nic1_configuration",
                "primary": true,
                "private_ip_address": "10.0.0.4",
                "private_ip_address_allocation": "Dynamic",
                "private_ip_address_version": "IPv4",
                "public_ip_address_id": "/subscriptions/70a2191c-b62d-41fe-b860-f432314c38e7/resourceGroups/devops/providers/Microsoft.Network/publicIPAddresses/public_ip1",
                "subnet_id": "/subscriptions/70a2191c-b62d-41fe-b860-f432314c38e7/resourceGroups/devops/providers/Microsoft.Network/virtualNetworks/vnet/subnets/sub1"
              }
            ],
            "location": "eastus",
            "mac_address": "00-22-48-24-F2-DA",
            "name": "nic1",
            "private_ip_address": "10.0.0.4",
            "private_ip_addresses": [
              "10.0.0.4"
            ],
            "resource_group_name": "devops",
            "tags": {},
            "timeouts": null,
            "virtual_machine_id": "/subscriptions/70a2191c-b62d-41fe-b860-f432314c38e7/resourceGroups/devops/providers/Microsoft.Compute/virtualMachines/jenkins-vm"
          },
          "sensitive_attributes": [],
          "private": "eyJlMmJmYjczMC1lY2FhLTExZTYtOGY4OC0zNDM2M2JjN2M0YzAiOnsiY3JlYXRlIjoxODAwMDAwMDAwMDAwLCJkZWxldGUiOjE4MDAwMDAwMDAwMDAsInJlYWQiOjMwMDAwMDAwMDAwMCwidXBkYXRlIjoxODAwMDAwMDAwMDAwfX0=",
          "dependencies": [
            "azurerm_network_security_group.nsg",
            "azurerm_public_ip.public_ip_1",
            "azurerm_resource_group.rg",
            "azurerm_subnet.sub1",
            "azurerm_virtual_network.vnet"
          ]
        }
      ]
    },
    {
      "mode": "managed",
      "type": "azurerm_network_interface",
      "name": "nic2",
      "provider": "provider[\"registry.terraform.io/hashicorp/azurerm\"]",
      "instances": [
        {
          "schema_version": 0,
          "attributes": {
            "applied_dns_servers": [],
            "auxiliary_mode": "",
            "auxiliary_sku": "",
            "dns_servers": [],
            "edge_zone": "",
            "enable_accelerated_networking": false,
            "enable_ip_forwarding": false,
            "id": "/subscriptions/70a2191c-b62d-41fe-b860-f432314c38e7/resourceGroups/devops/providers/Microsoft.Network/networkInterfaces/nic2",
            "internal_dns_name_label": "",
            "internal_domain_name_suffix": "t5etftat14vudfgojyizsfojfd.bx.internal.cloudapp.net",
            "ip_configuration": [
              {
                "gateway_load_balancer_frontend_ip_configuration_id": "",
                "name": "my_nic2_configuration",
                "primary": true,
                "private_ip_address": "10.0.0.5",
                "private_ip_address_allocation": "Dynamic",
                "private_ip_address_version": "IPv4",
                "public_ip_address_id": "/subscriptions/70a2191c-b62d-41fe-b860-f432314c38e7/resourceGroups/devops/providers/Microsoft.Network/publicIPAddresses/public_ip2",
                "subnet_id": "/subscriptions/70a2191c-b62d-41fe-b860-f432314c38e7/resourceGroups/devops/providers/Microsoft.Network/virtualNetworks/vnet/subnets/sub1"
              }
            ],
            "location": "eastus",
            "mac_address": "00-0D-3A-1B-7E-6A",
            "name": "nic2",
            "private_ip_address": "10.0.0.5",
            "private_ip_addresses": [
              "10.0.0.5"
            ],
            "resource_group_name": "devops",
            "tags": {},
            "timeouts": null,
            "virtual_machine_id": "/subscriptions/70a2191c-b62d-41fe-b860-f432314c38e7/resourceGroups/devops/providers/Microsoft.Compute/virtualMachines/node-vm"
          },
          "sensitive_attributes": [],
          "private": "eyJlMmJmYjczMC1lY2FhLTExZTYtOGY4OC0zNDM2M2JjN2M0YzAiOnsiY3JlYXRlIjoxODAwMDAwMDAwMDAwLCJkZWxldGUiOjE4MDAwMDAwMDAwMDAsInJlYWQiOjMwMDAwMDAwMDAwMCwidXBkYXRlIjoxODAwMDAwMDAwMDAwfX0=",
          "dependencies": [
            "azurerm_network_security_group.nsg",
            "azurerm_public_ip.public_ip_2",
            "azurerm_resource_group.rg",
            "azurerm_subnet.sub1",
            "azurerm_virtual_network.vnet"
          ]
        }
      ]
    },
    {
      "mode": "managed",
      "type": "azurerm_network_interface_security_group_association",
      "name": "nsg-nic1",
      "provider": "provider[\"registry.terraform.io/hashicorp/azurerm\"]",
      "instances": [
        {
          "schema_version": 0,
          "attributes": {
            "id": "/subscriptions/70a2191c-b62d-41fe-b860-f432314c38e7/resourceGroups/devops/providers/Microsoft.Network/networkInterfaces/nic1|/subscriptions/70a2191c-b62d-41fe-b860-f432314c38e7/resourceGroups/devops/providers/Microsoft.Network/networkSecurityGroups/nsg",
            "network_interface_id": "/subscriptions/70a2191c-b62d-41fe-b860-f432314c38e7/resourceGroups/devops/providers/Microsoft.Network/networkInterfaces/nic1",
            "network_security_group_id": "/subscriptions/70a2191c-b62d-41fe-b860-f432314c38e7/resourceGroups/devops/providers/Microsoft.Network/networkSecurityGroups/nsg",
            "timeouts": null
          },
          "sensitive_attributes": [],
          "private": "eyJlMmJmYjczMC1lY2FhLTExZTYtOGY4OC0zNDM2M2JjN2M0YzAiOnsiY3JlYXRlIjoxODAwMDAwMDAwMDAwLCJkZWxldGUiOjE4MDAwMDAwMDAwMDAsInJlYWQiOjMwMDAwMDAwMDAwMH19",
          "dependencies": [
            "azurerm_network_interface.nic1",
            "azurerm_network_security_group.nsg",
            "azurerm_public_ip.public_ip_1",
            "azurerm_resource_group.rg",
            "azurerm_subnet.sub1",
            "azurerm_virtual_network.vnet"
          ]
        }
      ]
    },
    {
      "mode": "managed",
      "type": "azurerm_network_interface_security_group_association",
      "name": "nsg-nic2",
      "provider": "provider[\"registry.terraform.io/hashicorp/azurerm\"]",
      "instances": [
        {
          "schema_version": 0,
          "attributes": {
            "id": "/subscriptions/70a2191c-b62d-41fe-b860-f432314c38e7/resourceGroups/devops/providers/Microsoft.Network/networkInterfaces/nic2|/subscriptions/70a2191c-b62d-41fe-b860-f432314c38e7/resourceGroups/devops/providers/Microsoft.Network/networkSecurityGroups/nsg",
            "network_interface_id": "/subscriptions/70a2191c-b62d-41fe-b860-f432314c38e7/resourceGroups/devops/providers/Microsoft.Network/networkInterfaces/nic2",
            "network_security_group_id": "/subscriptions/70a2191c-b62d-41fe-b860-f432314c38e7/resourceGroups/devops/providers/Microsoft.Network/networkSecurityGroups/nsg",
            "timeouts": null
          },
          "sensitive_attributes": [],
          "private": "eyJlMmJmYjczMC1lY2FhLTExZTYtOGY4OC0zNDM2M2JjN2M0YzAiOnsiY3JlYXRlIjoxODAwMDAwMDAwMDAwLCJkZWxldGUiOjE4MDAwMDAwMDAwMDAsInJlYWQiOjMwMDAwMDAwMDAwMH19",
          "dependencies": [
            "azurerm_network_interface.nic2",
            "azurerm_network_security_group.nsg",
            "azurerm_public_ip.public_ip_2",
            "azurerm_resource_group.rg",
            "azurerm_subnet.sub1",
            "azurerm_virtual_network.vnet"
          ]
        }
      ]
    },
    {
      "mode": "managed",
      "type": "azurerm_network_security_group",
      "name": "nsg",
      "provider": "provider[\"registry.terraform.io/hashicorp/azurerm\"]",
      "instances": [
        {
          "schema_version": 0,
          "attributes": {
            "id": "/subscriptions/70a2191c-b62d-41fe-b860-f432314c38e7/resourceGroups/devops/providers/Microsoft.Network/networkSecurityGroups/nsg",
            "location": "eastus",
            "name": "nsg",
            "resource_group_name": "devops",
            "security_rule": [
              {
                "access": "Allow",
                "description": "",
                "destination_address_prefix": "*",
                "destination_address_prefixes": [],
                "destination_application_security_group_ids": [],
                "destination_port_range": "*",
                "destination_port_ranges": [],
                "direction": "Outbound",
                "name": "AllowAllOutbound",
                "priority": 100,
                "protocol": "Tcp",
                "source_address_prefix": "*",
                "source_address_prefixes": [],
                "source_application_security_group_ids": [],
                "source_port_range": "*",
                "source_port_ranges": []
              },
              {
                "access": "Allow",
                "description": "",
                "destination_address_prefix": "*",
                "destination_address_prefixes": [],
                "destination_application_security_group_ids": [],
                "destination_port_range": "22",
                "destination_port_ranges": [],
                "direction": "Inbound",
                "name": "http_22",
                "priority": 101,
                "protocol": "Tcp",
                "source_address_prefix": "*",
                "source_address_prefixes": [],
                "source_application_security_group_ids": [],
                "source_port_range": "*",
                "source_port_ranges": []
              },
              {
                "access": "Allow",
                "description": "",
                "destination_address_prefix": "*",
                "destination_address_prefixes": [],
                "destination_application_security_group_ids": [],
                "destination_port_range": "80",
                "destination_port_ranges": [],
                "direction": "Inbound",
                "name": "http_80",
                "priority": 102,
                "protocol": "Tcp",
                "source_address_prefix": "*",
                "source_address_prefixes": [],
                "source_application_security_group_ids": [],
                "source_port_range": "*",
                "source_port_ranges": []
              },
              {
                "access": "Allow",
                "description": "",
                "destination_address_prefix": "*",
                "destination_address_prefixes": [],
                "destination_application_security_group_ids": [],
                "destination_port_range": "8080",
                "destination_port_ranges": [],
                "direction": "Inbound",
                "name": "http_8080",
                "priority": 100,
                "protocol": "Tcp",
                "source_address_prefix": "*",
                "source_address_prefixes": [],
                "source_application_security_group_ids": [],
                "source_port_range": "*",
                "source_port_ranges": []
              }
            ],
            "tags": {},
            "timeouts": null
          },
          "sensitive_attributes": [],
          "private": "eyJlMmJmYjczMC1lY2FhLTExZTYtOGY4OC0zNDM2M2JjN2M0YzAiOnsiY3JlYXRlIjoxODAwMDAwMDAwMDAwLCJkZWxldGUiOjE4MDAwMDAwMDAwMDAsInJlYWQiOjMwMDAwMDAwMDAwMCwidXBkYXRlIjoxODAwMDAwMDAwMDAwfX0=",
          "dependencies": [
            "azurerm_resource_group.rg"
          ]
        }
      ]
    },
    {
      "mode": "managed",
      "type": "azurerm_public_ip",
      "name": "public_ip_1",
      "provider": "provider[\"registry.terraform.io/hashicorp/azurerm\"]",
      "instances": [
        {
          "schema_version": 0,
          "attributes": {
            "allocation_method": "Static",
            "ddos_protection_mode": "VirtualNetworkInherited",
            "ddos_protection_plan_id": null,
            "domain_name_label": null,
            "edge_zone": "",
            "fqdn": null,
            "id": "/subscriptions/70a2191c-b62d-41fe-b860-f432314c38e7/resourceGroups/devops/providers/Microsoft.Network/publicIPAddresses/public_ip1",
            "idle_timeout_in_minutes": 4,
            "ip_address": "20.169.203.87",
            "ip_tags": {},
            "ip_version": "IPv4",
            "location": "eastus",
            "name": "public_ip1",
            "public_ip_prefix_id": null,
            "resource_group_name": "devops",
            "reverse_fqdn": null,
            "sku": "Basic",
            "sku_tier": "Regional",
            "tags": {},
            "timeouts": null,
            "zones": []
          },
          "sensitive_attributes": [],
          "private": "eyJlMmJmYjczMC1lY2FhLTExZTYtOGY4OC0zNDM2M2JjN2M0YzAiOnsiY3JlYXRlIjoxODAwMDAwMDAwMDAwLCJkZWxldGUiOjE4MDAwMDAwMDAwMDAsInJlYWQiOjMwMDAwMDAwMDAwMCwidXBkYXRlIjoxODAwMDAwMDAwMDAwfX0=",
          "dependencies": [
            "azurerm_resource_group.rg"
          ]
        }
      ]
    },
    {
      "mode": "managed",
      "type": "azurerm_public_ip",
      "name": "public_ip_2",
      "provider": "provider[\"registry.terraform.io/hashicorp/azurerm\"]",
      "instances": [
        {
          "schema_version": 0,
          "attributes": {
            "allocation_method": "Static",
            "ddos_protection_mode": "VirtualNetworkInherited",
            "ddos_protection_plan_id": null,
            "domain_name_label": null,
            "edge_zone": "",
            "fqdn": null,
            "id": "/subscriptions/70a2191c-b62d-41fe-b860-f432314c38e7/resourceGroups/devops/providers/Microsoft.Network/publicIPAddresses/public_ip2",
            "idle_timeout_in_minutes": 4,
            "ip_address": "20.169.203.216",
            "ip_tags": {},
            "ip_version": "IPv4",
            "location": "eastus",
            "name": "public_ip2",
            "public_ip_prefix_id": null,
            "resource_group_name": "devops",
            "reverse_fqdn": null,
            "sku": "Basic",
            "sku_tier": "Regional",
            "tags": {},
            "timeouts": null,
            "zones": []
          },
          "sensitive_attributes": [],
          "private": "eyJlMmJmYjczMC1lY2FhLTExZTYtOGY4OC0zNDM2M2JjN2M0YzAiOnsiY3JlYXRlIjoxODAwMDAwMDAwMDAwLCJkZWxldGUiOjE4MDAwMDAwMDAwMDAsInJlYWQiOjMwMDAwMDAwMDAwMCwidXBkYXRlIjoxODAwMDAwMDAwMDAwfX0=",
          "dependencies": [
            "azurerm_resource_group.rg"
          ]
        }
      ]
    },
    {
      "mode": "managed",
      "type": "azurerm_resource_group",
      "name": "rg",
      "provider": "provider[\"registry.terraform.io/hashicorp/azurerm\"]",
      "instances": [
        {
          "schema_version": 0,
          "attributes": {
            "id": "/subscriptions/70a2191c-b62d-41fe-b860-f432314c38e7/resourceGroups/devops",
            "location": "eastus",
            "managed_by": "",
            "name": "devops",
            "tags": {},
            "timeouts": null
          },
          "sensitive_attributes": [],
          "private": "eyJlMmJmYjczMC1lY2FhLTExZTYtOGY4OC0zNDM2M2JjN2M0YzAiOnsiY3JlYXRlIjo1NDAwMDAwMDAwMDAwLCJkZWxldGUiOjU0MDAwMDAwMDAwMDAsInJlYWQiOjMwMDAwMDAwMDAwMCwidXBkYXRlIjo1NDAwMDAwMDAwMDAwfX0="
        }
      ]
    },
    {
      "mode": "managed",
      "type": "azurerm_subnet",
      "name": "sub1",
      "provider": "provider[\"registry.terraform.io/hashicorp/azurerm\"]",
      "instances": [
        {
          "schema_version": 0,
          "attributes": {
            "address_prefixes": [
              "10.0.0.0/24"
            ],
            "delegation": [],
            "enforce_private_link_endpoint_network_policies": false,
            "enforce_private_link_service_network_policies": false,
            "id": "/subscriptions/70a2191c-b62d-41fe-b860-f432314c38e7/resourceGroups/devops/providers/Microsoft.Network/virtualNetworks/vnet/subnets/sub1",
            "name": "sub1",
            "private_endpoint_network_policies_enabled": true,
            "private_link_service_network_policies_enabled": true,
            "resource_group_name": "devops",
            "service_endpoint_policy_ids": [],
            "service_endpoints": [],
            "timeouts": null,
            "virtual_network_name": "vnet"
          },
          "sensitive_attributes": [],
          "private": "eyJlMmJmYjczMC1lY2FhLTExZTYtOGY4OC0zNDM2M2JjN2M0YzAiOnsiY3JlYXRlIjoxODAwMDAwMDAwMDAwLCJkZWxldGUiOjE4MDAwMDAwMDAwMDAsInJlYWQiOjMwMDAwMDAwMDAwMCwidXBkYXRlIjoxODAwMDAwMDAwMDAwfX0=",
          "dependencies": [
            "azurerm_network_security_group.nsg",
            "azurerm_resource_group.rg",
            "azurerm_virtual_network.vnet"
          ]
        }
      ]
    },
    {
      "mode": "managed",
      "type": "azurerm_virtual_network",
      "name": "vnet",
      "provider": "provider[\"registry.terraform.io/hashicorp/azurerm\"]",
      "instances": [
        {
          "schema_version": 0,
          "attributes": {
            "address_space": [
              "10.0.0.0/16"
            ],
            "bgp_community": "",
            "ddos_protection_plan": [],
            "dns_servers": [],
            "edge_zone": "",
            "encryption": [],
            "flow_timeout_in_minutes": 0,
            "guid": "cc32c99f-df13-41ab-94ce-4e119915c92b",
            "id": "/subscriptions/70a2191c-b62d-41fe-b860-f432314c38e7/resourceGroups/devops/providers/Microsoft.Network/virtualNetworks/vnet",
            "location": "eastus",
            "name": "vnet",
            "resource_group_name": "devops",
            "subnet": [
              {
                "address_prefix": "10.0.0.0/24",
                "id": "/subscriptions/70a2191c-b62d-41fe-b860-f432314c38e7/resourceGroups/devops/providers/Microsoft.Network/virtualNetworks/vnet/subnets/sub1",
                "name": "sub1",
                "security_group": ""
              }
            ],
            "tags": {},
            "timeouts": null
          },
          "sensitive_attributes": [],
          "private": "eyJlMmJmYjczMC1lY2FhLTExZTYtOGY4OC0zNDM2M2JjN2M0YzAiOnsiY3JlYXRlIjoxODAwMDAwMDAwMDAwLCJkZWxldGUiOjE4MDAwMDAwMDAwMDAsInJlYWQiOjMwMDAwMDAwMDAwMCwidXBkYXRlIjoxODAwMDAwMDAwMDAwfX0=",
          "dependencies": [
            "azurerm_network_security_group.nsg",
            "azurerm_resource_group.rg"
          ]
        }
      ]
    }
  ],
  "check_results": null
}
